// !$*UTF8*$!
{
	archiveVersion = 1;
	classes = {
	};
	objectVersion = 56;
	objects = {

/* Begin PBXBuildFile section */
		8709AEA72A0D873300E341FE /* ToDoList_SwiftUIApp.swift in Sources */ = {isa = PBXBuildFile; fileRef = 8709AEA62A0D873300E341FE /* ToDoList_SwiftUIApp.swift */; };
		8709AEA92A0D873300E341FE /* ContentView.swift in Sources */ = {isa = PBXBuildFile; fileRef = 8709AEA82A0D873300E341FE /* ContentView.swift */; };
		8709AEAB2A0D873500E341FE /* Assets.xcassets in Resources */ = {isa = PBXBuildFile; fileRef = 8709AEAA2A0D873500E341FE /* Assets.xcassets */; };
		8709AEAE2A0D873500E341FE /* Preview Assets.xcassets in Resources */ = {isa = PBXBuildFile; fileRef = 8709AEAD2A0D873500E341FE /* Preview Assets.xcassets */; };
		8709AED12A0D918C00E341FE /* DancingScript-SemiBold.ttf in Resources */ = {isa = PBXBuildFile; fileRef = 8709AECD2A0D918C00E341FE /* DancingScript-SemiBold.ttf */; };
		8709AED22A0D918C00E341FE /* DancingScript-Medium.ttf in Resources */ = {isa = PBXBuildFile; fileRef = 8709AECE2A0D918C00E341FE /* DancingScript-Medium.ttf */; };
		8709AED32A0D918C00E341FE /* DancingScript-Regular.ttf in Resources */ = {isa = PBXBuildFile; fileRef = 8709AECF2A0D918C00E341FE /* DancingScript-Regular.ttf */; };
		8709AED42A0D918C00E341FE /* DancingScript-Bold.ttf in Resources */ = {isa = PBXBuildFile; fileRef = 8709AED02A0D918C00E341FE /* DancingScript-Bold.ttf */; };
		877DBDAE2A1C050F005EDC58 /* IndieFlower-Regular.ttf in Resources */ = {isa = PBXBuildFile; fileRef = 877DBDAD2A1C050F005EDC58 /* IndieFlower-Regular.ttf */; };
/* End PBXBuildFile section */

/* Begin PBXFileReference section */
		8709AEA32A0D873300E341FE /* ToDoList-SwiftUI.app */ = {isa = PBXFileReference; explicitFileType = wrapper.application; includeInIndex = 0; path = "ToDoList-SwiftUI.app"; sourceTree = BUILT_PRODUCTS_DIR; };
		8709AEA62A0D873300E341FE /* ToDoList_SwiftUIApp.swift */ = {isa = PBXFileReference; lastKnownFileType = sourcecode.swift; path = ToDoList_SwiftUIApp.swift; sourceTree = "<group>"; };
		8709AEA82A0D873300E341FE /* ContentView.swift */ = {isa = PBXFileReference; lastKnownFileType = sourcecode.swift; path = ContentView.swift; sourceTree = "<group>"; };
		8709AEAA2A0D873500E341FE /* Assets.xcassets */ = {isa = PBXFileReference; lastKnownFileType = folder.assetcatalog; path = Assets.xcassets; sourceTree = "<group>"; };
		8709AEAD2A0D873500E341FE /* Preview Assets.xcassets */ = {isa = PBXFileReference; lastKnownFileType = folder.assetcatalog; path = "Preview Assets.xcassets"; sourceTree = "<group>"; };
		8709AECD2A0D918C00E341FE /* DancingScript-SemiBold.ttf */ = {isa = PBXFileReference; lastKnownFileType = file; name = "DancingScript-SemiBold.ttf"; path = "../../../Dancing_Script/static/DancingScript-SemiBold.ttf"; sourceTree = "<group>"; };
		8709AECE2A0D918C00E341FE /* DancingScript-Medium.ttf */ = {isa = PBXFileReference; lastKnownFileType = file; name = "DancingScript-Medium.ttf"; path = "../../../Dancing_Script/static/DancingScript-Medium.ttf"; sourceTree = "<group>"; };
		8709AECF2A0D918C00E341FE /* DancingScript-Regular.ttf */ = {isa = PBXFileReference; lastKnownFileType = file; name = "DancingScript-Regular.ttf"; path = "../../../Dancing_Script/static/DancingScript-Regular.ttf"; sourceTree = "<group>"; };
		8709AED02A0D918C00E341FE /* DancingScript-Bold.ttf */ = {isa = PBXFileReference; lastKnownFileType = file; name = "DancingScript-Bold.ttf"; path = "../../../Dancing_Script/static/DancingScript-Bold.ttf"; sourceTree = "<group>"; };
		8709AED52A0D926200E341FE /* Info.plist */ = {isa = PBXFileReference; lastKnownFileType = text.plist; path = Info.plist; sourceTree = "<group>"; };
		877DBDAD2A1C050F005EDC58 /* IndieFlower-Regular.ttf */ = {isa = PBXFileReference; lastKnownFileType = file; name = "IndieFlower-Regular.ttf"; path = "../../../Indie_Flower/IndieFlower-Regular.ttf"; sourceTree = "<group>"; };
/* End PBXFileReference section */

/* Begin PBXFrameworksBuildPhase section */
		8709AEA02A0D873300E341FE /* Frameworks */ = {
			isa = PBXFrameworksBuildPhase;
			buildActionMask = 2147483647;
			files = (
			);
			runOnlyForDeploymentPostprocessing = 0;
		};
/* End PBXFrameworksBuildPhase section */

/* Begin PBXGroup section */
		8709AE9A2A0D873300E341FE = {
			isa = PBXGroup;
			children = (
				8709AEA52A0D873300E341FE /* ToDoList-SwiftUI */,
				8709AEA42A0D873300E341FE /* Products */,
			);
			sourceTree = "<group>";
		};
		8709AEA42A0D873300E341FE /* Products */ = {
			isa = PBXGroup;
			children = (
				8709AEA32A0D873300E341FE /* ToDoList-SwiftUI.app */,
			);
			name = Products;
			sourceTree = "<group>";
		};
		8709AEA52A0D873300E341FE /* ToDoList-SwiftUI */ = {
			isa = PBXGroup;
			children = (
				8709AED52A0D926200E341FE /* Info.plist */,
				8709AEB42A0D8D4300E341FE /* Fonts */,
				8709AEA62A0D873300E341FE /* ToDoList_SwiftUIApp.swift */,
				8709AEA82A0D873300E341FE /* ContentView.swift */,
				8709AEAA2A0D873500E341FE /* Assets.xcassets */,
				8709AEAC2A0D873500E341FE /* Preview Content */,
			);
			path = "ToDoList-SwiftUI";
			sourceTree = "<group>";
		};
		8709AEAC2A0D873500E341FE /* Preview Content */ = {
			isa = PBXGroup;
			children = (
				8709AEAD2A0D873500E341FE /* Preview Assets.xcassets */,
			);
			path = "Preview Content";
			sourceTree = "<group>";
		};
		8709AEB42A0D8D4300E341FE /* Fonts */ = {
			isa = PBXGroup;
			children = (
				8709AED02A0D918C00E341FE /* DancingScript-Bold.ttf */,
				8709AECE2A0D918C00E341FE /* DancingScript-Medium.ttf */,
				8709AECF2A0D918C00E341FE /* DancingScript-Regular.ttf */,
				8709AECD2A0D918C00E341FE /* DancingScript-SemiBold.ttf */,
				877DBDAD2A1C050F005EDC58 /* IndieFlower-Regular.ttf */,
			);
			path = Fonts;
			sourceTree = "<group>";
		};
/* End PBXGroup section */

/* Begin PBXNativeTarget section */
		8709AEA22A0D873300E341FE /* ToDoList-SwiftUI */ = {
			isa = PBXNativeTarget;
			buildConfigurationList = 8709AEB12A0D873500E341FE /* Build configuration list for PBXNativeTarget "ToDoList-SwiftUI" */;
			buildPhases = (
				8709AE9F2A0D873300E341FE /* Sources */,
				8709AEA02A0D873300E341FE /* Frameworks */,
				8709AEA12A0D873300E341FE /* Resources */,
			);
			buildRules = (
			);
			dependencies = (
			);
			name = "ToDoList-SwiftUI";
			productName = "ToDoList-SwiftUI";
			productReference = 8709AEA32A0D873300E341FE /* ToDoList-SwiftUI.app */;
			productType = "com.apple.product-type.application";
		};
/* End PBXNativeTarget section */

/* Begin PBXProject section */
		8709AE9B2A0D873300E341FE /* Project object */ = {
			isa = PBXProject;
			attributes = {
				BuildIndependentTargetsInParallel = 1;
				LastSwiftUpdateCheck = 1420;
				LastUpgradeCheck = 1420;
				TargetAttributes = {
					8709AEA22A0D873300E341FE = {
						CreatedOnToolsVersion = 14.2;
					};
				};
			};
			buildConfigurationList = 8709AE9E2A0D873300E341FE /* Build configuration list for PBXProject "ToDoList-SwiftUI" */;
			compatibilityVersion = "Xcode 14.0";
			developmentRegion = en;
			hasScannedForEncodings = 0;
			knownRegions = (
				en,
				Base,
			);
			mainGroup = 8709AE9A2A0D873300E341FE;
			productRefGroup = 8709AEA42A0D873300E341FE /* Products */;
			projectDirPath = "";
			projectRoot = "";
			targets = (
				8709AEA22A0D873300E341FE /* ToDoList-SwiftUI */,
			);
		};
/* End PBXProject section */

/* Begin PBXResourcesBuildPhase section */
		8709AEA12A0D873300E341FE /* Resources */ = {
			isa = PBXResourcesBuildPhase;
			buildActionMask = 2147483647;
			files = (
				877DBDAE2A1C050F005EDC58 /* IndieFlower-Regular.ttf in Resources */,
				8709AEAE2A0D873500E341FE /* Preview Assets.xcassets in Resources */,
				8709AED12A0D918C00E341FE /* DancingScript-SemiBold.ttf in Resources */,
				8709AEAB2A0D873500E341FE /* Assets.xcassets in Resources */,
				8709AED42A0D918C00E341FE /* DancingScript-Bold.ttf in Resources */,
				8709AED22A0D918C00E341FE /* DancingScript-Medium.ttf in Resources */,
				8709AED32A0D918C00E341FE /* DancingScript-Regular.ttf in Resources */,
			);
			runOnlyForDeploymentPostprocessing = 0;
		};
/* End PBXResourcesBuildPhase section */

/* Begin PBXSourcesBuildPhase section */
		8709AE9F2A0D873300E341FE /* Sources */ = {
			isa = PBXSourcesBuildPhase;
			buildActionMask = 2147483647;
			files = (
				8709AEA92A0D873300E341FE /* ContentView.swift in Sources */,
				8709AEA72A0D873300E341FE /* ToDoList_SwiftUIApp.swift in Sources */,
			);
			runOnlyForDeploymentPostprocessing = 0;
		};
/* End PBXSourcesBuildPhase section */

/* Begin XCBuildConfiguration section */
		8709AEAF2A0D873500E341FE /* Debug */ = {
			isa = XCBuildConfiguration;
			buildSettings = {
				ALWAYS_SEARCH_USER_PATHS = NO;
				CLANG_ANALYZER_NONNULL = YES;
				CLANG_ANALYZER_NUMBER_OBJECT_CONVERSION = YES_AGGRESSIVE;
				CLANG_CXX_LANGUAGE_STANDARD = "gnu++20";
				CLANG_ENABLE_MODULES = YES;
				CLANG_ENABLE_OBJC_ARC = YES;
				CLANG_ENABLE_OBJC_WEAK = YES;
				CLANG_WARN_BLOCK_CAPTURE_AUTORELEASING = YES;
				CLANG_WARN_BOOL_CONVERSION = YES;
				CLANG_WARN_COMMA = YES;
				CLANG_WARN_CONSTANT_CONVERSION = YES;
				CLANG_WARN_DEPRECATED_OBJC_IMPLEMENTATIONS = YES;
				CLANG_WARN_DIRECT_OBJC_ISA_USAGE = YES_ERROR;
				CLANG_WARN_DOCUMENTATION_COMMENTS = YES;
				CLANG_WARN_EMPTY_BODY = YES;
				CLANG_WARN_ENUM_CONVERSION = YES;
				CLANG_WARN_INFINITE_RECURSION = YES;
				CLANG_WARN_INT_CONVERSION = YES;
				CLANG_WARN_NON_LITERAL_NULL_CONVERSION = YES;
				CLANG_WARN_OBJC_IMPLICIT_RETAIN_SELF = YES;
				CLANG_WARN_OBJC_LITERAL_CONVERSION = YES;
				CLANG_WARN_OBJC_ROOT_CLASS = YES_ERROR;
				CLANG_WARN_QUOTED_INCLUDE_IN_FRAMEWORK_HEADER = YES;
				CLANG_WARN_RANGE_LOOP_ANALYSIS = YES;
				CLANG_WARN_STRICT_PROTOTYPES = YES;
				CLANG_WARN_SUSPICIOUS_MOVE = YES;
				CLANG_WARN_UNGUARDED_AVAILABILITY = YES_AGGRESSIVE;
				CLANG_WARN_UNREACHABLE_CODE = YES;
				CLANG_WARN__DUPLICATE_METHOD_MATCH = YES;
				COPY_PHASE_STRIP = NO;
				DEBUG_INFORMATION_FORMAT = dwarf;
				ENABLE_STRICT_OBJC_MSGSEND = YES;
				ENABLE_TESTABILITY = YES;
				GCC_C_LANGUAGE_STANDARD = gnu11;
				GCC_DYNAMIC_NO_PIC = NO;
				GCC_NO_COMMON_BLOCKS = YES;
				GCC_OPTIMIZATION_LEVEL = 0;
				GCC_PREPROCESSOR_DEFINITIONS = (
					"DEBUG=1",
					"$(inherited)",
				);
				GCC_WARN_64_TO_32_BIT_CONVERSION = YES;
				GCC_WARN_ABOUT_RETURN_TYPE = YES_ERROR;
				GCC_WARN_UNDECLARED_SELECTOR = YES;
				GCC_WARN_UNINITIALIZED_AUTOS = YES_AGGRESSIVE;
				GCC_WARN_UNUSED_FUNCTION = YES;
				GCC_WARN_UNUSED_VARIABLE = YES;
				IPHONEOS_DEPLOYMENT_TARGET = 16.2;
				MTL_ENABLE_DEBUG_INFO = INCLUDE_SOURCE;
				MTL_FAST_MATH = YES;
				ONLY_ACTIVE_ARCH = YES;
				SDKROOT = iphoneos;
				SWIFT_ACTIVE_COMPILATION_CONDITIONS = DEBUG;
				SWIFT_OPTIMIZATION_LEVEL = "-Onone";
			};
			name = Debug;
		};
		8709AEB02A0D873500E341FE /* Release */ = {
			isa = XCBuildConfiguration;
			buildSettings = {
				ALWAYS_SEARCH_USER_PATHS = NO;
				CLANG_ANALYZER_NONNULL = YES;
				CLANG_ANALYZER_NUMBER_OBJECT_CONVERSION = YES_AGGRESSIVE;
				CLANG_CXX_LANGUAGE_STANDARD = "gnu++20";
				CLANG_ENABLE_MODULES = YES;
				CLANG_ENABLE_OBJC_ARC = YES;
				CLANG_ENABLE_OBJC_WEAK = YES;
				CLANG_WARN_BLOCK_CAPTURE_AUTORELEASING = YES;
				CLANG_WARN_BOOL_CONVERSION = YES;
				CLANG_WARN_COMMA = YES;
				CLANG_WARN_CONSTANT_CONVERSION = YES;
				CLANG_WARN_DEPRECATED_OBJC_IMPLEMENTATIONS = YES;
				CLANG_WARN_DIRECT_OBJC_ISA_USAGE = YES_ERROR;
				CLANG_WARN_DOCUMENTATION_COMMENTS = YES;
				CLANG_WARN_EMPTY_BODY = YES;
				CLANG_WARN_ENUM_CONVERSION = YES;
				CLANG_WARN_INFINITE_RECURSION = YES;
				CLANG_WARN_INT_CONVERSION = YES;
				CLANG_WARN_NON_LITERAL_NULL_CONVERSION = YES;
				CLANG_WARN_OBJC_IMPLICIT_RETAIN_SELF = YES;
				CLANG_WARN_OBJC_LITERAL_CONVERSION = YES;
				CLANG_WARN_OBJC_ROOT_CLASS = YES_ERROR;
				CLANG_WARN_QUOTED_INCLUDE_IN_FRAMEWORK_HEADER = YES;
				CLANG_WARN_RANGE_LOOP_ANALYSIS = YES;
				CLANG_WARN_STRICT_PROTOTYPES = YES;
				CLANG_WARN_SUSPICIOUS_MOVE = YES;
				CLANG_WARN_UNGUARDED_AVAILABILITY = YES_AGGRESSIVE;
				CLANG_WARN_UNREACHABLE_CODE = YES;
				CLANG_WARN__DUPLICATE_METHOD_MATCH = YES;
				COPY_PHASE_STRIP = NO;
				DEBUG_INFORMATION_FORMAT = "dwarf-with-dsym";
				ENABLE_NS_ASSERTIONS = NO;
				ENABLE_STRICT_OBJC_MSGSEND = YES;
				GCC_C_LANGUAGE_STANDARD = gnu11;
				GCC_NO_COMMON_BLOCKS = YES;
				GCC_WARN_64_TO_32_BIT_CONVERSION = YES;
				GCC_WARN_ABOUT_RETURN_TYPE = YES_ERROR;
				GCC_WARN_UNDECLARED_SELECTOR = YES;
				GCC_WARN_UNINITIALIZED_AUTOS = YES_AGGRESSIVE;
				GCC_WARN_UNUSED_FUNCTION = YES;
				GCC_WARN_UNUSED_VARIABLE = YES;
				IPHONEOS_DEPLOYMENT_TARGET = 16.2;
				MTL_ENABLE_DEBUG_INFO = NO;
				MTL_FAST_MATH = YES;
				SDKROOT = iphoneos;
				SWIFT_COMPILATION_MODE = wholemodule;
				SWIFT_OPTIMIZATION_LEVEL = "-O";
				VALIDATE_PRODUCT = YES;
			};
			name = Release;
		};
		8709AEB22A0D873500E341FE /* Debug */ = {
			isa = XCBuildConfiguration;
			buildSettings = {
				ASSETCATALOG_COMPILER_APPICON_NAME = AppIcon;
				ASSETCATALOG_COMPILER_GLOBAL_ACCENT_COLOR_NAME = AccentColor;
				CODE_SIGN_STYLE = Automatic;
				CURRENT_PROJECT_VERSION = 1;
				DEVELOPMENT_ASSET_PATHS = "\"ToDoList-SwiftUI/Preview Content\"";
				DEVELOPMENT_TEAM = UP4Y8BTNJW;
				ENABLE_PREVIEWS = YES;
				GENERATE_INFOPLIST_FILE = YES;
				INFOPLIST_FILE = "ToDoList-SwiftUI/Info.plist";
				INFOPLIST_KEY_UIApplicationSceneManifest_Generation = YES;
				INFOPLIST_KEY_UIApplicationSupportsIndirectInputEvents = YES;
				INFOPLIST_KEY_UILaunchScreen_Generation = YES;
				INFOPLIST_KEY_UISupportedInterfaceOrientations_iPad = "UIInterfaceOrientationPortrait UIInterfaceOrientationPortraitUpsideDown UIInterfaceOrientationLandscapeLeft UIInterfaceOrientationLandscapeRight";
				INFOPLIST_KEY_UISupportedInterfaceOrientations_iPhone = "UIInterfaceOrientationPortrait UIInterfaceOrientationLandscapeLeft UIInterfaceOrientationLandscapeRight";
				LD_RUNPATH_SEARCH_PATHS = (
					"$(inherited)",
					"@executable_path/Frameworks",
				);
				MARKETING_VERSION = 1.0;
				PRODUCT_BUNDLE_IDENTIFIER = "ToDo-SwiftUI.ToDoList-SwiftUI";
				PRODUCT_NAME = "$(TARGET_NAME)";
				SWIFT_EMIT_LOC_STRINGS = YES;
				SWIFT_VERSION = 5.0;
				TARGETED_DEVICE_FAMILY = "1,2";
			};
			name = Debug;
		};
		8709AEB32A0D873500E341FE /* Release */ = {
			isa = XCBuildConfiguration;
			buildSettings = {
				ASSETCATALOG_COMPILER_APPICON_NAME = AppIcon;
				ASSETCATALOG_COMPILER_GLOBAL_ACCENT_COLOR_NAME = AccentColor;
				CODE_SIGN_STYLE = Automatic;
				CURRENT_PROJECT_VERSION = 1;
				DEVELOPMENT_ASSET_PATHS = "\"ToDoList-SwiftUI/Preview Content\"";
				DEVELOPMENT_TEAM = UP4Y8BTNJW;
				ENABLE_PREVIEWS = YES;
				GENERATE_INFOPLIST_FILE = YES;
				INFOPLIST_FILE = "ToDoList-SwiftUI/Info.plist";
				INFOPLIST_KEY_UIApplicationSceneManifest_Generation = YES;
				INFOPLIST_KEY_UIApplicationSupportsIndirectInputEvents = YES;
				INFOPLIST_KEY_UILaunchScreen_Generation = YES;
				INFOPLIST_KEY_UISupportedInterfaceOrientations_iPad = "UIInterfaceOrientationPortrait UIInterfaceOrientationPortraitUpsideDown UIInterfaceOrientationLandscapeLeft UIInterfaceOrientationLandscapeRight";
				INFOPLIST_KEY_UISupportedInterfaceOrientations_iPhone = "UIInterfaceOrientationPortrait UIInterfaceOrientationLandscapeLeft UIInterfaceOrientationLandscapeRight";
				LD_RUNPATH_SEARCH_PATHS = (
					"$(inherited)",
					"@executable_path/Frameworks",
				);
				MARKETING_VERSION = 1.0;
				PRODUCT_BUNDLE_IDENTIFIER = "ToDo-SwiftUI.ToDoList-SwiftUI";
				PRODUCT_NAME = "$(TARGET_NAME)";
				SWIFT_EMIT_LOC_STRINGS = YES;
				SWIFT_VERSION = 5.0;
				TARGETED_DEVICE_FAMILY = "1,2";
			};
			name = Release;
		};
/* End XCBuildConfiguration section */

/* Begin XCConfigurationList section */
		8709AE9E2A0D873300E341FE /* Build configuration list for PBXProject "ToDoList-SwiftUI" */ = {
			isa = XCConfigurationList;
			buildConfigurations = (
				8709AEAF2A0D873500E341FE /* Debug */,
				8709AEB02A0D873500E341FE /* Release */,
			);
			defaultConfigurationIsVisible = 0;
			defaultConfigurationName = Release;
		};
		8709AEB12A0D873500E341FE /* Build configuration list for PBXNativeTarget "ToDoList-SwiftUI" */ = {
			isa = XCConfigurationList;
			buildConfigurations = (
				8709AEB22A0D873500E341FE /* Debug */,
				8709AEB32A0D873500E341FE /* Release */,
			);
			defaultConfigurationIsVisible = 0;
			defaultConfigurationName = Release;
		};
/* End XCConfigurationList section */
	};
	rootObject = 8709AE9B2A0D873300E341FE /* Project object */;
}
