// !$*UTF8*$!
{
	archiveVersion = 1;
	classes = {
	};
	objectVersion = 56;
	objects = {

/* Begin PBXBuildFile section */
		87CF30D72A5CA20F00DBB434 /* AppDelegate.swift in Sources */ = {isa = PBXBuildFile; fileRef = 87CF30D62A5CA20F00DBB434 /* AppDelegate.swift */; };
		87CF30D92A5CA20F00DBB434 /* SceneDelegate.swift in Sources */ = {isa = PBXBuildFile; fileRef = 87CF30D82A5CA20F00DBB434 /* SceneDelegate.swift */; };
		87CF30DB2A5CA20F00DBB434 /* ViewController.swift in Sources */ = {isa = PBXBuildFile; fileRef = 87CF30DA2A5CA20F00DBB434 /* ViewController.swift */; };
		87CF30E12A5CA20F00DBB434 /* ToDoList_UIKit.xcdatamodeld in Sources */ = {isa = PBXBuildFile; fileRef = 87CF30DF2A5CA20F00DBB434 /* ToDoList_UIKit.xcdatamodeld */; };
		87CF30E32A5CA21100DBB434 /* Assets.xcassets in Resources */ = {isa = PBXBuildFile; fileRef = 87CF30E22A5CA21100DBB434 /* Assets.xcassets */; };
		87CF30E62A5CA21100DBB434 /* LaunchScreen.storyboard in Resources */ = {isa = PBXBuildFile; fileRef = 87CF30E42A5CA21100DBB434 /* LaunchScreen.storyboard */; };
		87CF30F12A5CA21100DBB434 /* ToDoList_UIKitTests.swift in Sources */ = {isa = PBXBuildFile; fileRef = 87CF30F02A5CA21100DBB434 /* ToDoList_UIKitTests.swift */; };
		87CF30FB2A5CA21100DBB434 /* ToDoList_UIKitUITests.swift in Sources */ = {isa = PBXBuildFile; fileRef = 87CF30FA2A5CA21100DBB434 /* ToDoList_UIKitUITests.swift */; };
		87CF30FD2A5CA21100DBB434 /* ToDoList_UIKitUITestsLaunchTests.swift in Sources */ = {isa = PBXBuildFile; fileRef = 87CF30FC2A5CA21100DBB434 /* ToDoList_UIKitUITestsLaunchTests.swift */; };
		87CF310A2A5CA2A400DBB434 /* ViewControllerScreen.swift in Sources */ = {isa = PBXBuildFile; fileRef = 87CF31092A5CA2A400DBB434 /* ViewControllerScreen.swift */; };
		87CF310C2A5CA4A300DBB434 /* ViewModel.swift in Sources */ = {isa = PBXBuildFile; fileRef = 87CF310B2A5CA4A300DBB434 /* ViewModel.swift */; };
		87CF310E2A5CA4CF00DBB434 /* TaskViewCell.swift in Sources */ = {isa = PBXBuildFile; fileRef = 87CF310D2A5CA4CF00DBB434 /* TaskViewCell.swift */; };
		87CF31112A5F4C4C00DBB434 /* HardStrings.swift in Sources */ = {isa = PBXBuildFile; fileRef = 87CF31102A5F4C4C00DBB434 /* HardStrings.swift */; };
		87E2E59C2A69E6D80027F1C1 /* Task.swift in Sources */ = {isa = PBXBuildFile; fileRef = 87E2E59B2A69E6D80027F1C1 /* Task.swift */; };
/* End PBXBuildFile section */

/* Begin PBXContainerItemProxy section */
		87CF30ED2A5CA21100DBB434 /* PBXContainerItemProxy */ = {
			isa = PBXContainerItemProxy;
			containerPortal = 87CF30CB2A5CA20F00DBB434 /* Project object */;
			proxyType = 1;
			remoteGlobalIDString = 87CF30D22A5CA20F00DBB434;
			remoteInfo = "ToDoList-UIKit";
		};
		87CF30F72A5CA21100DBB434 /* PBXContainerItemProxy */ = {
			isa = PBXContainerItemProxy;
			containerPortal = 87CF30CB2A5CA20F00DBB434 /* Project object */;
			proxyType = 1;
			remoteGlobalIDString = 87CF30D22A5CA20F00DBB434;
			remoteInfo = "ToDoList-UIKit";
		};
/* End PBXContainerItemProxy section */

/* Begin PBXFileReference section */
		87CF30D32A5CA20F00DBB434 /* ToDoList-UIKit.app */ = {isa = PBXFileReference; explicitFileType = wrapper.application; includeInIndex = 0; path = "ToDoList-UIKit.app"; sourceTree = BUILT_PRODUCTS_DIR; };
		87CF30D62A5CA20F00DBB434 /* AppDelegate.swift */ = {isa = PBXFileReference; lastKnownFileType = sourcecode.swift; path = AppDelegate.swift; sourceTree = "<group>"; };
		87CF30D82A5CA20F00DBB434 /* SceneDelegate.swift */ = {isa = PBXFileReference; lastKnownFileType = sourcecode.swift; path = SceneDelegate.swift; sourceTree = "<group>"; };
		87CF30DA2A5CA20F00DBB434 /* ViewController.swift */ = {isa = PBXFileReference; lastKnownFileType = sourcecode.swift; path = ViewController.swift; sourceTree = "<group>"; };
		87CF30E02A5CA20F00DBB434 /* ToDoList_UIKit.xcdatamodel */ = {isa = PBXFileReference; lastKnownFileType = wrapper.xcdatamodel; path = ToDoList_UIKit.xcdatamodel; sourceTree = "<group>"; };
		87CF30E22A5CA21100DBB434 /* Assets.xcassets */ = {isa = PBXFileReference; lastKnownFileType = folder.assetcatalog; path = Assets.xcassets; sourceTree = "<group>"; };
		87CF30E52A5CA21100DBB434 /* Base */ = {isa = PBXFileReference; lastKnownFileType = file.storyboard; name = Base; path = Base.lproj/LaunchScreen.storyboard; sourceTree = "<group>"; };
		87CF30E72A5CA21100DBB434 /* Info.plist */ = {isa = PBXFileReference; lastKnownFileType = text.plist.xml; path = Info.plist; sourceTree = "<group>"; };
		87CF30EC2A5CA21100DBB434 /* ToDoList-UIKitTests.xctest */ = {isa = PBXFileReference; explicitFileType = wrapper.cfbundle; includeInIndex = 0; path = "ToDoList-UIKitTests.xctest"; sourceTree = BUILT_PRODUCTS_DIR; };
		87CF30F02A5CA21100DBB434 /* ToDoList_UIKitTests.swift */ = {isa = PBXFileReference; lastKnownFileType = sourcecode.swift; path = ToDoList_UIKitTests.swift; sourceTree = "<group>"; };
		87CF30F62A5CA21100DBB434 /* ToDoList-UIKitUITests.xctest */ = {isa = PBXFileReference; explicitFileType = wrapper.cfbundle; includeInIndex = 0; path = "ToDoList-UIKitUITests.xctest"; sourceTree = BUILT_PRODUCTS_DIR; };
		87CF30FA2A5CA21100DBB434 /* ToDoList_UIKitUITests.swift */ = {isa = PBXFileReference; lastKnownFileType = sourcecode.swift; path = ToDoList_UIKitUITests.swift; sourceTree = "<group>"; };
		87CF30FC2A5CA21100DBB434 /* ToDoList_UIKitUITestsLaunchTests.swift */ = {isa = PBXFileReference; lastKnownFileType = sourcecode.swift; path = ToDoList_UIKitUITestsLaunchTests.swift; sourceTree = "<group>"; };
		87CF31092A5CA2A400DBB434 /* ViewControllerScreen.swift */ = {isa = PBXFileReference; lastKnownFileType = sourcecode.swift; path = ViewControllerScreen.swift; sourceTree = "<group>"; };
		87CF310B2A5CA4A300DBB434 /* ViewModel.swift */ = {isa = PBXFileReference; lastKnownFileType = sourcecode.swift; path = ViewModel.swift; sourceTree = "<group>"; };
		87CF310D2A5CA4CF00DBB434 /* TaskViewCell.swift */ = {isa = PBXFileReference; lastKnownFileType = sourcecode.swift; path = TaskViewCell.swift; sourceTree = "<group>"; };
		87CF31102A5F4C4C00DBB434 /* HardStrings.swift */ = {isa = PBXFileReference; lastKnownFileType = sourcecode.swift; path = HardStrings.swift; sourceTree = "<group>"; };
		87E2E59B2A69E6D80027F1C1 /* Task.swift */ = {isa = PBXFileReference; lastKnownFileType = sourcecode.swift; path = Task.swift; sourceTree = "<group>"; };
/* End PBXFileReference section */

/* Begin PBXFrameworksBuildPhase section */
		87CF30D02A5CA20F00DBB434 /* Frameworks */ = {
			isa = PBXFrameworksBuildPhase;
			buildActionMask = 2147483647;
			files = (
			);
			runOnlyForDeploymentPostprocessing = 0;
		};
		87CF30E92A5CA21100DBB434 /* Frameworks */ = {
			isa = PBXFrameworksBuildPhase;
			buildActionMask = 2147483647;
			files = (
			);
			runOnlyForDeploymentPostprocessing = 0;
		};
		87CF30F32A5CA21100DBB434 /* Frameworks */ = {
			isa = PBXFrameworksBuildPhase;
			buildActionMask = 2147483647;
			files = (
			);
			runOnlyForDeploymentPostprocessing = 0;
		};
/* End PBXFrameworksBuildPhase section */

/* Begin PBXGroup section */
		87CF30CA2A5CA20F00DBB434 = {
			isa = PBXGroup;
			children = (
				87CF30D52A5CA20F00DBB434 /* ToDoList-UIKit */,
				87CF30EF2A5CA21100DBB434 /* ToDoList-UIKitTests */,
				87CF30F92A5CA21100DBB434 /* ToDoList-UIKitUITests */,
				87CF30D42A5CA20F00DBB434 /* Products */,
			);
			sourceTree = "<group>";
		};
		87CF30D42A5CA20F00DBB434 /* Products */ = {
			isa = PBXGroup;
			children = (
				87CF30D32A5CA20F00DBB434 /* ToDoList-UIKit.app */,
				87CF30EC2A5CA21100DBB434 /* ToDoList-UIKitTests.xctest */,
				87CF30F62A5CA21100DBB434 /* ToDoList-UIKitUITests.xctest */,
			);
			name = Products;
			sourceTree = "<group>";
		};
		87CF30D52A5CA20F00DBB434 /* ToDoList-UIKit */ = {
			isa = PBXGroup;
			children = (
				87CF30D62A5CA20F00DBB434 /* AppDelegate.swift */,
				87CF30D82A5CA20F00DBB434 /* SceneDelegate.swift */,
				87CF310B2A5CA4A300DBB434 /* ViewModel.swift */,
				87CF310D2A5CA4CF00DBB434 /* TaskViewCell.swift */,
				87CF30DA2A5CA20F00DBB434 /* ViewController.swift */,
				87CF31092A5CA2A400DBB434 /* ViewControllerScreen.swift */,
				87CF31102A5F4C4C00DBB434 /* HardStrings.swift */,
				87CF30E22A5CA21100DBB434 /* Assets.xcassets */,
				87CF30E42A5CA21100DBB434 /* LaunchScreen.storyboard */,
				87CF30E72A5CA21100DBB434 /* Info.plist */,
				87CF30DF2A5CA20F00DBB434 /* ToDoList_UIKit.xcdatamodeld */,
				87E2E59B2A69E6D80027F1C1 /* Task.swift */,
			);
			path = "ToDoList-UIKit";
			sourceTree = "<group>";
		};
		87CF30EF2A5CA21100DBB434 /* ToDoList-UIKitTests */ = {
			isa = PBXGroup;
			children = (
				87CF30F02A5CA21100DBB434 /* ToDoList_UIKitTests.swift */,
			);
			path = "ToDoList-UIKitTests";
			sourceTree = "<group>";
		};
		87CF30F92A5CA21100DBB434 /* ToDoList-UIKitUITests */ = {
			isa = PBXGroup;
			children = (
				87CF30FA2A5CA21100DBB434 /* ToDoList_UIKitUITests.swift */,
				87CF30FC2A5CA21100DBB434 /* ToDoList_UIKitUITestsLaunchTests.swift */,
			);
			path = "ToDoList-UIKitUITests";
			sourceTree = "<group>";
		};
/* End PBXGroup section */

/* Begin PBXNativeTarget section */
		87CF30D22A5CA20F00DBB434 /* ToDoList-UIKit */ = {
			isa = PBXNativeTarget;
			buildConfigurationList = 87CF31002A5CA21100DBB434 /* Build configuration list for PBXNativeTarget "ToDoList-UIKit" */;
			buildPhases = (
				87CF30CF2A5CA20F00DBB434 /* Sources */,
				87CF30D02A5CA20F00DBB434 /* Frameworks */,
				87CF30D12A5CA20F00DBB434 /* Resources */,
			);
			buildRules = (
			);
			dependencies = (
			);
			name = "ToDoList-UIKit";
			productName = "ToDoList-UIKit";
			productReference = 87CF30D32A5CA20F00DBB434 /* ToDoList-UIKit.app */;
			productType = "com.apple.product-type.application";
		};
		87CF30EB2A5CA21100DBB434 /* ToDoList-UIKitTests */ = {
			isa = PBXNativeTarget;
			buildConfigurationList = 87CF31032A5CA21100DBB434 /* Build configuration list for PBXNativeTarget "ToDoList-UIKitTests" */;
			buildPhases = (
				87CF30E82A5CA21100DBB434 /* Sources */,
				87CF30E92A5CA21100DBB434 /* Frameworks */,
				87CF30EA2A5CA21100DBB434 /* Resources */,
			);
			buildRules = (
			);
			dependencies = (
				87CF30EE2A5CA21100DBB434 /* PBXTargetDependency */,
			);
			name = "ToDoList-UIKitTests";
			productName = "ToDoList-UIKitTests";
			productReference = 87CF30EC2A5CA21100DBB434 /* ToDoList-UIKitTests.xctest */;
			productType = "com.apple.product-type.bundle.unit-test";
		};
		87CF30F52A5CA21100DBB434 /* ToDoList-UIKitUITests */ = {
			isa = PBXNativeTarget;
			buildConfigurationList = 87CF31062A5CA21100DBB434 /* Build configuration list for PBXNativeTarget "ToDoList-UIKitUITests" */;
			buildPhases = (
				87CF30F22A5CA21100DBB434 /* Sources */,
				87CF30F32A5CA21100DBB434 /* Frameworks */,
				87CF30F42A5CA21100DBB434 /* Resources */,
			);
			buildRules = (
			);
			dependencies = (
				87CF30F82A5CA21100DBB434 /* PBXTargetDependency */,
			);
			name = "ToDoList-UIKitUITests";
			productName = "ToDoList-UIKitUITests";
			productReference = 87CF30F62A5CA21100DBB434 /* ToDoList-UIKitUITests.xctest */;
			productType = "com.apple.product-type.bundle.ui-testing";
		};
/* End PBXNativeTarget section */

/* Begin PBXProject section */
		87CF30CB2A5CA20F00DBB434 /* Project object */ = {
			isa = PBXProject;
			attributes = {
				BuildIndependentTargetsInParallel = 1;
				LastSwiftUpdateCheck = 1420;
				LastUpgradeCheck = 1420;
				TargetAttributes = {
					87CF30D22A5CA20F00DBB434 = {
						CreatedOnToolsVersion = 14.2;
					};
					87CF30EB2A5CA21100DBB434 = {
						CreatedOnToolsVersion = 14.2;
						TestTargetID = 87CF30D22A5CA20F00DBB434;
					};
					87CF30F52A5CA21100DBB434 = {
						CreatedOnToolsVersion = 14.2;
						TestTargetID = 87CF30D22A5CA20F00DBB434;
					};
				};
			};
			buildConfigurationList = 87CF30CE2A5CA20F00DBB434 /* Build configuration list for PBXProject "ToDoList-UIKit" */;
			compatibilityVersion = "Xcode 14.0";
			developmentRegion = en;
			hasScannedForEncodings = 0;
			knownRegions = (
				en,
				Base,
			);
			mainGroup = 87CF30CA2A5CA20F00DBB434;
			productRefGroup = 87CF30D42A5CA20F00DBB434 /* Products */;
			projectDirPath = "";
			projectRoot = "";
			targets = (
				87CF30D22A5CA20F00DBB434 /* ToDoList-UIKit */,
				87CF30EB2A5CA21100DBB434 /* ToDoList-UIKitTests */,
				87CF30F52A5CA21100DBB434 /* ToDoList-UIKitUITests */,
			);
		};
/* End PBXProject section */

/* Begin PBXResourcesBuildPhase section */
		87CF30D12A5CA20F00DBB434 /* Resources */ = {
			isa = PBXResourcesBuildPhase;
			buildActionMask = 2147483647;
			files = (
				87CF30E62A5CA21100DBB434 /* LaunchScreen.storyboard in Resources */,
				87CF30E32A5CA21100DBB434 /* Assets.xcassets in Resources */,
			);
			runOnlyForDeploymentPostprocessing = 0;
		};
		87CF30EA2A5CA21100DBB434 /* Resources */ = {
			isa = PBXResourcesBuildPhase;
			buildActionMask = 2147483647;
			files = (
			);
			runOnlyForDeploymentPostprocessing = 0;
		};
		87CF30F42A5CA21100DBB434 /* Resources */ = {
			isa = PBXResourcesBuildPhase;
			buildActionMask = 2147483647;
			files = (
			);
			runOnlyForDeploymentPostprocessing = 0;
		};
/* End PBXResourcesBuildPhase section */

/* Begin PBXSourcesBuildPhase section */
		87CF30CF2A5CA20F00DBB434 /* Sources */ = {
			isa = PBXSourcesBuildPhase;
			buildActionMask = 2147483647;
			files = (
				87CF310A2A5CA2A400DBB434 /* ViewControllerScreen.swift in Sources */,
				87CF31112A5F4C4C00DBB434 /* HardStrings.swift in Sources */,
				87CF310E2A5CA4CF00DBB434 /* TaskViewCell.swift in Sources */,
				87CF30DB2A5CA20F00DBB434 /* ViewController.swift in Sources */,
				87CF30D72A5CA20F00DBB434 /* AppDelegate.swift in Sources */,
				87CF30E12A5CA20F00DBB434 /* ToDoList_UIKit.xcdatamodeld in Sources */,
				87CF310C2A5CA4A300DBB434 /* ViewModel.swift in Sources */,
				87E2E59C2A69E6D80027F1C1 /* Task.swift in Sources */,
				87CF30D92A5CA20F00DBB434 /* SceneDelegate.swift in Sources */,
			);
			runOnlyForDeploymentPostprocessing = 0;
		};
		87CF30E82A5CA21100DBB434 /* Sources */ = {
			isa = PBXSourcesBuildPhase;
			buildActionMask = 2147483647;
			files = (
				87CF30F12A5CA21100DBB434 /* ToDoList_UIKitTests.swift in Sources */,
			);
			runOnlyForDeploymentPostprocessing = 0;
		};
		87CF30F22A5CA21100DBB434 /* Sources */ = {
			isa = PBXSourcesBuildPhase;
			buildActionMask = 2147483647;
			files = (
				87CF30FB2A5CA21100DBB434 /* ToDoList_UIKitUITests.swift in Sources */,
				87CF30FD2A5CA21100DBB434 /* ToDoList_UIKitUITestsLaunchTests.swift in Sources */,
			);
			runOnlyForDeploymentPostprocessing = 0;
		};
/* End PBXSourcesBuildPhase section */

/* Begin PBXTargetDependency section */
		87CF30EE2A5CA21100DBB434 /* PBXTargetDependency */ = {
			isa = PBXTargetDependency;
			target = 87CF30D22A5CA20F00DBB434 /* ToDoList-UIKit */;
			targetProxy = 87CF30ED2A5CA21100DBB434 /* PBXContainerItemProxy */;
		};
		87CF30F82A5CA21100DBB434 /* PBXTargetDependency */ = {
			isa = PBXTargetDependency;
			target = 87CF30D22A5CA20F00DBB434 /* ToDoList-UIKit */;
			targetProxy = 87CF30F72A5CA21100DBB434 /* PBXContainerItemProxy */;
		};
/* End PBXTargetDependency section */

/* Begin PBXVariantGroup section */
		87CF30E42A5CA21100DBB434 /* LaunchScreen.storyboard */ = {
			isa = PBXVariantGroup;
			children = (
				87CF30E52A5CA21100DBB434 /* Base */,
			);
			name = LaunchScreen.storyboard;
			sourceTree = "<group>";
		};
/* End PBXVariantGroup section */

/* Begin XCBuildConfiguration section */
		87CF30FE2A5CA21100DBB434 /* Debug */ = {
			isa = XCBuildConfiguration;
			buildSettings = {
				ALWAYS_SEARCH_USER_PATHS = NO;
				CLANG_ANALYZER_NONNULL = YES;
				CLANG_ANALYZER_NUMBER_OBJECT_CONVERSION = YES_AGGRESSIVE;
				CLANG_CXX_LANGUAGE_STANDARD = "gnu++20";
				CLANG_ENABLE_MODULES = YES;
				CLANG_ENABLE_OBJC_ARC = YES;
				CLANG_ENABLE_OBJC_WEAK = YES;
				CLANG_WARN_BLOCK_CAPTURE_AUTORELEASING = YES;
				CLANG_WARN_BOOL_CONVERSION = YES;
				CLANG_WARN_COMMA = YES;
				CLANG_WARN_CONSTANT_CONVERSION = YES;
				CLANG_WARN_DEPRECATED_OBJC_IMPLEMENTATIONS = YES;
				CLANG_WARN_DIRECT_OBJC_ISA_USAGE = YES_ERROR;
				CLANG_WARN_DOCUMENTATION_COMMENTS = YES;
				CLANG_WARN_EMPTY_BODY = YES;
				CLANG_WARN_ENUM_CONVERSION = YES;
				CLANG_WARN_INFINITE_RECURSION = YES;
				CLANG_WARN_INT_CONVERSION = YES;
				CLANG_WARN_NON_LITERAL_NULL_CONVERSION = YES;
				CLANG_WARN_OBJC_IMPLICIT_RETAIN_SELF = YES;
				CLANG_WARN_OBJC_LITERAL_CONVERSION = YES;
				CLANG_WARN_OBJC_ROOT_CLASS = YES_ERROR;
				CLANG_WARN_QUOTED_INCLUDE_IN_FRAMEWORK_HEADER = YES;
				CLANG_WARN_RANGE_LOOP_ANALYSIS = YES;
				CLANG_WARN_STRICT_PROTOTYPES = YES;
				CLANG_WARN_SUSPICIOUS_MOVE = YES;
				CLANG_WARN_UNGUARDED_AVAILABILITY = YES_AGGRESSIVE;
				CLANG_WARN_UNREACHABLE_CODE = YES;
				CLANG_WARN__DUPLICATE_METHOD_MATCH = YES;
				COPY_PHASE_STRIP = NO;
				DEBUG_INFORMATION_FORMAT = dwarf;
				ENABLE_STRICT_OBJC_MSGSEND = YES;
				ENABLE_TESTABILITY = YES;
				GCC_C_LANGUAGE_STANDARD = gnu11;
				GCC_DYNAMIC_NO_PIC = NO;
				GCC_NO_COMMON_BLOCKS = YES;
				GCC_OPTIMIZATION_LEVEL = 0;
				GCC_PREPROCESSOR_DEFINITIONS = (
					"DEBUG=1",
					"$(inherited)",
				);
				GCC_WARN_64_TO_32_BIT_CONVERSION = YES;
				GCC_WARN_ABOUT_RETURN_TYPE = YES_ERROR;
				GCC_WARN_UNDECLARED_SELECTOR = YES;
				GCC_WARN_UNINITIALIZED_AUTOS = YES_AGGRESSIVE;
				GCC_WARN_UNUSED_FUNCTION = YES;
				GCC_WARN_UNUSED_VARIABLE = YES;
				IPHONEOS_DEPLOYMENT_TARGET = 16.2;
				MTL_ENABLE_DEBUG_INFO = INCLUDE_SOURCE;
				MTL_FAST_MATH = YES;
				ONLY_ACTIVE_ARCH = YES;
				SDKROOT = iphoneos;
				SWIFT_ACTIVE_COMPILATION_CONDITIONS = DEBUG;
				SWIFT_OPTIMIZATION_LEVEL = "-Onone";
			};
			name = Debug;
		};
		87CF30FF2A5CA21100DBB434 /* Release */ = {
			isa = XCBuildConfiguration;
			buildSettings = {
				ALWAYS_SEARCH_USER_PATHS = NO;
				CLANG_ANALYZER_NONNULL = YES;
				CLANG_ANALYZER_NUMBER_OBJECT_CONVERSION = YES_AGGRESSIVE;
				CLANG_CXX_LANGUAGE_STANDARD = "gnu++20";
				CLANG_ENABLE_MODULES = YES;
				CLANG_ENABLE_OBJC_ARC = YES;
				CLANG_ENABLE_OBJC_WEAK = YES;
				CLANG_WARN_BLOCK_CAPTURE_AUTORELEASING = YES;
				CLANG_WARN_BOOL_CONVERSION = YES;
				CLANG_WARN_COMMA = YES;
				CLANG_WARN_CONSTANT_CONVERSION = YES;
				CLANG_WARN_DEPRECATED_OBJC_IMPLEMENTATIONS = YES;
				CLANG_WARN_DIRECT_OBJC_ISA_USAGE = YES_ERROR;
				CLANG_WARN_DOCUMENTATION_COMMENTS = YES;
				CLANG_WARN_EMPTY_BODY = YES;
				CLANG_WARN_ENUM_CONVERSION = YES;
				CLANG_WARN_INFINITE_RECURSION = YES;
				CLANG_WARN_INT_CONVERSION = YES;
				CLANG_WARN_NON_LITERAL_NULL_CONVERSION = YES;
				CLANG_WARN_OBJC_IMPLICIT_RETAIN_SELF = YES;
				CLANG_WARN_OBJC_LITERAL_CONVERSION = YES;
				CLANG_WARN_OBJC_ROOT_CLASS = YES_ERROR;
				CLANG_WARN_QUOTED_INCLUDE_IN_FRAMEWORK_HEADER = YES;
				CLANG_WARN_RANGE_LOOP_ANALYSIS = YES;
				CLANG_WARN_STRICT_PROTOTYPES = YES;
				CLANG_WARN_SUSPICIOUS_MOVE = YES;
				CLANG_WARN_UNGUARDED_AVAILABILITY = YES_AGGRESSIVE;
				CLANG_WARN_UNREACHABLE_CODE = YES;
				CLANG_WARN__DUPLICATE_METHOD_MATCH = YES;
				COPY_PHASE_STRIP = NO;
				DEBUG_INFORMATION_FORMAT = "dwarf-with-dsym";
				ENABLE_NS_ASSERTIONS = NO;
				ENABLE_STRICT_OBJC_MSGSEND = YES;
				GCC_C_LANGUAGE_STANDARD = gnu11;
				GCC_NO_COMMON_BLOCKS = YES;
				GCC_WARN_64_TO_32_BIT_CONVERSION = YES;
				GCC_WARN_ABOUT_RETURN_TYPE = YES_ERROR;
				GCC_WARN_UNDECLARED_SELECTOR = YES;
				GCC_WARN_UNINITIALIZED_AUTOS = YES_AGGRESSIVE;
				GCC_WARN_UNUSED_FUNCTION = YES;
				GCC_WARN_UNUSED_VARIABLE = YES;
				IPHONEOS_DEPLOYMENT_TARGET = 16.2;
				MTL_ENABLE_DEBUG_INFO = NO;
				MTL_FAST_MATH = YES;
				SDKROOT = iphoneos;
				SWIFT_COMPILATION_MODE = wholemodule;
				SWIFT_OPTIMIZATION_LEVEL = "-O";
				VALIDATE_PRODUCT = YES;
			};
			name = Release;
		};
		87CF31012A5CA21100DBB434 /* Debug */ = {
			isa = XCBuildConfiguration;
			buildSettings = {
				ASSETCATALOG_COMPILER_APPICON_NAME = AppIcon;
				ASSETCATALOG_COMPILER_GLOBAL_ACCENT_COLOR_NAME = AccentColor;
				CODE_SIGN_STYLE = Automatic;
				CURRENT_PROJECT_VERSION = 1;
				DEVELOPMENT_TEAM = UP4Y8BTNJW;
				GENERATE_INFOPLIST_FILE = YES;
				INFOPLIST_FILE = "ToDoList-UIKit/Info.plist";
				INFOPLIST_KEY_UIApplicationSupportsIndirectInputEvents = YES;
				INFOPLIST_KEY_UILaunchStoryboardName = LaunchScreen;
				INFOPLIST_KEY_UISupportedInterfaceOrientations_iPad = "UIInterfaceOrientationPortrait UIInterfaceOrientationPortraitUpsideDown UIInterfaceOrientationLandscapeLeft UIInterfaceOrientationLandscapeRight";
				INFOPLIST_KEY_UISupportedInterfaceOrientations_iPhone = "UIInterfaceOrientationPortrait UIInterfaceOrientationLandscapeLeft UIInterfaceOrientationLandscapeRight";
				LD_RUNPATH_SEARCH_PATHS = (
					"$(inherited)",
					"@executable_path/Frameworks",
				);
				MARKETING_VERSION = 1.0;
				PRODUCT_BUNDLE_IDENTIFIER = "ToDoList-UIKit.ToDoList-UIKit";
				PRODUCT_NAME = "$(TARGET_NAME)";
				SWIFT_EMIT_LOC_STRINGS = YES;
				SWIFT_VERSION = 5.0;
				TARGETED_DEVICE_FAMILY = "1,2";
			};
			name = Debug;
		};
		87CF31022A5CA21100DBB434 /* Release */ = {
			isa = XCBuildConfiguration;
			buildSettings = {
				ASSETCATALOG_COMPILER_APPICON_NAME = AppIcon;
				ASSETCATALOG_COMPILER_GLOBAL_ACCENT_COLOR_NAME = AccentColor;
				CODE_SIGN_STYLE = Automatic;
				CURRENT_PROJECT_VERSION = 1;
				DEVELOPMENT_TEAM = UP4Y8BTNJW;
				GENERATE_INFOPLIST_FILE = YES;
				INFOPLIST_FILE = "ToDoList-UIKit/Info.plist";
				INFOPLIST_KEY_UIApplicationSupportsIndirectInputEvents = YES;
				INFOPLIST_KEY_UILaunchStoryboardName = LaunchScreen;
				INFOPLIST_KEY_UISupportedInterfaceOrientations_iPad = "UIInterfaceOrientationPortrait UIInterfaceOrientationPortraitUpsideDown UIInterfaceOrientationLandscapeLeft UIInterfaceOrientationLandscapeRight";
				INFOPLIST_KEY_UISupportedInterfaceOrientations_iPhone = "UIInterfaceOrientationPortrait UIInterfaceOrientationLandscapeLeft UIInterfaceOrientationLandscapeRight";
				LD_RUNPATH_SEARCH_PATHS = (
					"$(inherited)",
					"@executable_path/Frameworks",
				);
				MARKETING_VERSION = 1.0;
				PRODUCT_BUNDLE_IDENTIFIER = "ToDoList-UIKit.ToDoList-UIKit";
				PRODUCT_NAME = "$(TARGET_NAME)";
				SWIFT_EMIT_LOC_STRINGS = YES;
				SWIFT_VERSION = 5.0;
				TARGETED_DEVICE_FAMILY = "1,2";
			};
			name = Release;
		};
		87CF31042A5CA21100DBB434 /* Debug */ = {
			isa = XCBuildConfiguration;
			buildSettings = {
				ALWAYS_EMBED_SWIFT_STANDARD_LIBRARIES = YES;
				BUNDLE_LOADER = "$(TEST_HOST)";
				CODE_SIGN_STYLE = Automatic;
				CURRENT_PROJECT_VERSION = 1;
				DEVELOPMENT_TEAM = UP4Y8BTNJW;
				GENERATE_INFOPLIST_FILE = YES;
				IPHONEOS_DEPLOYMENT_TARGET = 16.2;
				MARKETING_VERSION = 1.0;
				PRODUCT_BUNDLE_IDENTIFIER = "ToDoList-UIKit.ToDoList-UIKitTests";
				PRODUCT_NAME = "$(TARGET_NAME)";
				SWIFT_EMIT_LOC_STRINGS = NO;
				SWIFT_VERSION = 5.0;
				TARGETED_DEVICE_FAMILY = "1,2";
				TEST_HOST = "$(BUILT_PRODUCTS_DIR)/ToDoList-UIKit.app/$(BUNDLE_EXECUTABLE_FOLDER_PATH)/ToDoList-UIKit";
			};
			name = Debug;
		};
		87CF31052A5CA21100DBB434 /* Release */ = {
			isa = XCBuildConfiguration;
			buildSettings = {
				ALWAYS_EMBED_SWIFT_STANDARD_LIBRARIES = YES;
				BUNDLE_LOADER = "$(TEST_HOST)";
				CODE_SIGN_STYLE = Automatic;
				CURRENT_PROJECT_VERSION = 1;
				DEVELOPMENT_TEAM = UP4Y8BTNJW;
				GENERATE_INFOPLIST_FILE = YES;
				IPHONEOS_DEPLOYMENT_TARGET = 16.2;
				MARKETING_VERSION = 1.0;
				PRODUCT_BUNDLE_IDENTIFIER = "ToDoList-UIKit.ToDoList-UIKitTests";
				PRODUCT_NAME = "$(TARGET_NAME)";
				SWIFT_EMIT_LOC_STRINGS = NO;
				SWIFT_VERSION = 5.0;
				TARGETED_DEVICE_FAMILY = "1,2";
				TEST_HOST = "$(BUILT_PRODUCTS_DIR)/ToDoList-UIKit.app/$(BUNDLE_EXECUTABLE_FOLDER_PATH)/ToDoList-UIKit";
			};
			name = Release;
		};
		87CF31072A5CA21100DBB434 /* Debug */ = {
			isa = XCBuildConfiguration;
			buildSettings = {
				ALWAYS_EMBED_SWIFT_STANDARD_LIBRARIES = YES;
				CODE_SIGN_STYLE = Automatic;
				CURRENT_PROJECT_VERSION = 1;
				DEVELOPMENT_TEAM = UP4Y8BTNJW;
				GENERATE_INFOPLIST_FILE = YES;
				MARKETING_VERSION = 1.0;
				PRODUCT_BUNDLE_IDENTIFIER = "ToDoList-UIKit.ToDoList-UIKitUITests";
				PRODUCT_NAME = "$(TARGET_NAME)";
				SWIFT_EMIT_LOC_STRINGS = NO;
				SWIFT_VERSION = 5.0;
				TARGETED_DEVICE_FAMILY = "1,2";
				TEST_TARGET_NAME = "ToDoList-UIKit";
			};
			name = Debug;
		};
		87CF31082A5CA21100DBB434 /* Release */ = {
			isa = XCBuildConfiguration;
			buildSettings = {
				ALWAYS_EMBED_SWIFT_STANDARD_LIBRARIES = YES;
				CODE_SIGN_STYLE = Automatic;
				CURRENT_PROJECT_VERSION = 1;
				DEVELOPMENT_TEAM = UP4Y8BTNJW;
				GENERATE_INFOPLIST_FILE = YES;
				MARKETING_VERSION = 1.0;
				PRODUCT_BUNDLE_IDENTIFIER = "ToDoList-UIKit.ToDoList-UIKitUITests";
				PRODUCT_NAME = "$(TARGET_NAME)";
				SWIFT_EMIT_LOC_STRINGS = NO;
				SWIFT_VERSION = 5.0;
				TARGETED_DEVICE_FAMILY = "1,2";
				TEST_TARGET_NAME = "ToDoList-UIKit";
			};
			name = Release;
		};
/* End XCBuildConfiguration section */

/* Begin XCConfigurationList section */
		87CF30CE2A5CA20F00DBB434 /* Build configuration list for PBXProject "ToDoList-UIKit" */ = {
			isa = XCConfigurationList;
			buildConfigurations = (
				87CF30FE2A5CA21100DBB434 /* Debug */,
				87CF30FF2A5CA21100DBB434 /* Release */,
			);
			defaultConfigurationIsVisible = 0;
			defaultConfigurationName = Release;
		};
		87CF31002A5CA21100DBB434 /* Build configuration list for PBXNativeTarget "ToDoList-UIKit" */ = {
			isa = XCConfigurationList;
			buildConfigurations = (
				87CF31012A5CA21100DBB434 /* Debug */,
				87CF31022A5CA21100DBB434 /* Release */,
			);
			defaultConfigurationIsVisible = 0;
			defaultConfigurationName = Release;
		};
		87CF31032A5CA21100DBB434 /* Build configuration list for PBXNativeTarget "ToDoList-UIKitTests" */ = {
			isa = XCConfigurationList;
			buildConfigurations = (
				87CF31042A5CA21100DBB434 /* Debug */,
				87CF31052A5CA21100DBB434 /* Release */,
			);
			defaultConfigurationIsVisible = 0;
			defaultConfigurationName = Release;
		};
		87CF31062A5CA21100DBB434 /* Build configuration list for PBXNativeTarget "ToDoList-UIKitUITests" */ = {
			isa = XCConfigurationList;
			buildConfigurations = (
				87CF31072A5CA21100DBB434 /* Debug */,
				87CF31082A5CA21100DBB434 /* Release */,
			);
			defaultConfigurationIsVisible = 0;
			defaultConfigurationName = Release;
		};
/* End XCConfigurationList section */

/* Begin XCVersionGroup section */
		87CF30DF2A5CA20F00DBB434 /* ToDoList_UIKit.xcdatamodeld */ = {
			isa = XCVersionGroup;
			children = (
				87CF30E02A5CA20F00DBB434 /* ToDoList_UIKit.xcdatamodel */,
			);
			currentVersion = 87CF30E02A5CA20F00DBB434 /* ToDoList_UIKit.xcdatamodel */;
			path = ToDoList_UIKit.xcdatamodeld;
			sourceTree = "<group>";
			versionGroupType = wrapper.xcdatamodel;
		};
/* End XCVersionGroup section */
	};
	rootObject = 87CF30CB2A5CA20F00DBB434 /* Project object */;
}
